<?xml version="1.0" encoding="utf-8"?>
<Project ToolsVersion="4.0" xmlns="http://schemas.microsoft.com/developer/msbuild/2003">
  <ItemGroup>
    <Filter Include="Source Files">
      <UniqueIdentifier>{4FC737F1-C7A5-4376-A066-2A32D752A2FF}</UniqueIdentifier>
      <Extensions>cpp;c;cc;cxx;def;odl;idl;hpj;bat;asm;asmx</Extensions>
    </Filter>
    <Filter Include="Header Files">
      <UniqueIdentifier>{93995380-89BD-4b04-88EB-625FBE52EBFB}</UniqueIdentifier>
      <Extensions>h;hpp;hxx;hm;inl;inc;xsd</Extensions>
    </Filter>
    <Filter Include="Resource Files">
      <UniqueIdentifier>{67DA6AB6-F800-4c08-8B7A-83BB121AAD01}</UniqueIdentifier>
      <Extensions>rc;ico;cur;bmp;dlg;rc2;rct;bin;rgs;gif;jpg;jpeg;jpe;resx;tiff;tif;png;wav;mfcribbon-ms</Extensions>
    </Filter>
    <Filter Include="Source Files\opengl">
      <UniqueIdentifier>{f35460c3-8ebf-41eb-90fa-95ce5015600c}</UniqueIdentifier>
    </Filter>
    <Filter Include="Source Files\opengl\retained">
      <UniqueIdentifier>{dbedd6ee-9b26-4c63-b0cc-4bfcd8c2cc39}</UniqueIdentifier>
    </Filter>
    <Filter Include="Source Files\opengl\retained\shaders">
      <UniqueIdentifier>{a2945660-046d-48cb-aaa2-3cb286d70b9b}</UniqueIdentifier>
    </Filter>
    <Filter Include="Header Files\opengl">
      <UniqueIdentifier>{c6a702cc-431c-436e-a5a0-a29ea16f5b40}</UniqueIdentifier>
    </Filter>
    <Filter Include="Header Files\opengl\retained">
      <UniqueIdentifier>{7ae4c004-5d31-46e3-95b0-e183732d7fbf}</UniqueIdentifier>
    </Filter>
    <Filter Include="Header Files\opengl\retained\shaders">
      <UniqueIdentifier>{86c585b8-bd58-492a-a1eb-9357da90e280}</UniqueIdentifier>
    </Filter>
    <Filter Include="Source Files\buffers">
      <UniqueIdentifier>{7ffca62c-d8cd-43db-a8c7-30e5abd458b4}</UniqueIdentifier>
    </Filter>
    <Filter Include="Source Files\buffers\attributes">
      <UniqueIdentifier>{9139c5c4-5244-461d-8fcf-95ad125164c6}</UniqueIdentifier>
    </Filter>
    <Filter Include="Header Files\buffers">
      <UniqueIdentifier>{88a955fa-5cc3-4af0-8473-277932413edf}</UniqueIdentifier>
    </Filter>
    <Filter Include="Header Files\buffers\attributes">
      <UniqueIdentifier>{ef54003b-d5a7-4cef-aa5c-f24d4d5fb0e1}</UniqueIdentifier>
    </Filter>
    <Filter Include="Header Files\utilities">
      <UniqueIdentifier>{6e6a2ec4-b128-434d-8ce3-02f3fcd87342}</UniqueIdentifier>
    </Filter>
    <Filter Include="Header Files\utilities\files">
      <UniqueIdentifier>{dcc8c393-8f99-4a62-8a4c-9ad35feb822b}</UniqueIdentifier>
    </Filter>
    <Filter Include="Source Files\utilities">
      <UniqueIdentifier>{912b0f6c-05c3-462f-9345-63983114dbe3}</UniqueIdentifier>
    </Filter>
    <Filter Include="Source Files\utilities\files">
      <UniqueIdentifier>{cfe0e603-7468-4ae7-b4b3-f8880cd35c4e}</UniqueIdentifier>
    </Filter>
    <Filter Include="Header Files\meshes">
      <UniqueIdentifier>{1dc16bfb-3f64-4730-87bd-d50252302d09}</UniqueIdentifier>
    </Filter>
    <Filter Include="Source Files\scene">
      <UniqueIdentifier>{00e89ca5-3a2c-472c-aa0d-21eea8481f36}</UniqueIdentifier>
    </Filter>
    <Filter Include="Header Files\scene">
      <UniqueIdentifier>{b604e249-247c-4f39-a2ba-dfb353334f84}</UniqueIdentifier>
    </Filter>
    <Filter Include="Header Files\scene\objects">
      <UniqueIdentifier>{13ec0eb8-78bb-46d3-9ab4-13c72bc14c97}</UniqueIdentifier>
    </Filter>
    <Filter Include="Source Files\opengl\scene">
      <UniqueIdentifier>{47a02dab-d3a9-4465-9d25-2d1009be0ecd}</UniqueIdentifier>
    </Filter>
    <Filter Include="Header Files\opengl\scene">
      <UniqueIdentifier>{657e81a9-cac3-45bf-9a75-bb006f477d3b}</UniqueIdentifier>
    </Filter>
    <Filter Include="Source Files\opengl\scene\objects">
      <UniqueIdentifier>{1208e0d1-aff1-4d20-8c5d-2567010b6058}</UniqueIdentifier>
    </Filter>
    <Filter Include="Header Files\scene\nodes">
      <UniqueIdentifier>{5fc7db18-3897-4d04-834c-4ece66010fa7}</UniqueIdentifier>
    </Filter>
    <Filter Include="Header Files\opengl\retained\scene">
      <UniqueIdentifier>{f99df91b-8a26-4b42-aad3-bf6d7c88a9d8}</UniqueIdentifier>
    </Filter>
    <Filter Include="Header Files\opengl\retained\scene\objects">
      <UniqueIdentifier>{fee78503-55a7-406d-8a27-146a3a6aad69}</UniqueIdentifier>
    </Filter>
    <Filter Include="Source Files\opengl\retained\scene">
      <UniqueIdentifier>{554ccc33-e2be-4b8b-8178-c3e6f498499d}</UniqueIdentifier>
    </Filter>
    <Filter Include="Source Files\opengl\retained\scene\objects">
      <UniqueIdentifier>{a32b3cf4-d60c-4693-b102-0491638149e8}</UniqueIdentifier>
    </Filter>
    <Filter Include="Source Files\opengl\retained\scene\nodes">
      <UniqueIdentifier>{3074f072-b5f1-40d5-8eef-eb8b35449f18}</UniqueIdentifier>
    </Filter>
    <Filter Include="Header Files\opengl\retained\scene\nodes">
      <UniqueIdentifier>{79e50576-6a73-4543-a1c3-91c461a142c8}</UniqueIdentifier>
    </Filter>
  </ItemGroup>
  <ItemGroup>
    <ClCompile Include="opengl\retained\shaders\shader.cpp">
      <Filter>Source Files\opengl\retained\shaders</Filter>
    </ClCompile>
    <ClCompile Include="opengl\retained\shaders\shader_program.cpp">
      <Filter>Source Files\opengl\retained\shaders</Filter>
    </ClCompile>
    <ClCompile Include="buffers\attributes\attribute_map.cpp">
      <Filter>Source Files\buffers\attributes</Filter>
    </ClCompile>
    <ClCompile Include="buffers\attributes\attribute.cpp">
      <Filter>Source Files\buffers\attributes</Filter>
    </ClCompile>
    <ClCompile Include="buffers\attribute_buffer.cpp">
      <Filter>Source Files\buffers</Filter>
    </ClCompile>
    <ClCompile Include="buffers\interleaved_attr_buffer.cpp">
      <Filter>Source Files\buffers</Filter>
    </ClCompile>
    <ClCompile Include="buffers\segregated_attr_buffer.cpp">
      <Filter>Source Files\buffers</Filter>
    </ClCompile>
    <ClCompile Include="buffers\attribute_buffer_factory.cpp">
      <Filter>Source Files\buffers</Filter>
    </ClCompile>
    <ClCompile Include="utilities\files\file_reader.cpp">
      <Filter>Source Files\utilities\files</Filter>
    </ClCompile>
    <ClCompile Include="opengl\retained\shaders\shader_attribute_map.cpp">
      <Filter>Source Files\opengl\retained\shaders</Filter>
    </ClCompile>
    <ClCompile Include="opengl\retained\gl_retained_mesh.cpp">
      <Filter>Source Files\opengl\retained</Filter>
    </ClCompile>
    <ClCompile Include="opengl\retained\shaders\shader_uniform_store.cpp">
      <Filter>Source Files\opengl\retained\shaders</Filter>
    </ClCompile>
    <ClCompile Include="opengl\retained\gl_attribute_buffer.cpp">
      <Filter>Source Files\opengl\retained</Filter>
    </ClCompile>
    <ClCompile Include="opengl\retained\scene\objects\gl_retained_fixed_camera.cpp">
      <Filter>Source Files\opengl\retained\scene\objects</Filter>
    </ClCompile>
    <ClCompile Include="opengl\retained\scene\objects\gl_retained_camera.cpp">
      <Filter>Source Files\opengl\retained\scene\objects</Filter>
    </ClCompile>
    <ClCompile Include="opengl\retained\scene\nodes\gl_retained_fixed_transformation.cpp">
      <Filter>Source Files\opengl\retained\scene\nodes</Filter>
    </ClCompile>
    <ClCompile Include="opengl\retained\gl_retained_state_monitor.cpp">
      <Filter>Source Files\opengl\retained</Filter>
    </ClCompile>
  </ItemGroup>
  <ItemGroup>
    <ClInclude Include="opengl\retained\shaders\shader.h">
      <Filter>Header Files\opengl\retained\shaders</Filter>
    </ClInclude>
    <ClInclude Include="resource.h">
      <Filter>Header Files</Filter>
    </ClInclude>
    <ClInclude Include="opengl\retained\shaders\shader_program.h">
      <Filter>Header Files\opengl\retained\shaders</Filter>
    </ClInclude>
    <ClInclude Include="buffers\attributes\attribute_map.h">
      <Filter>Header Files\buffers\attributes</Filter>
    </ClInclude>
    <ClInclude Include="buffers\attributes\attribute.h">
      <Filter>Header Files\buffers\attributes</Filter>
    </ClInclude>
    <ClInclude Include="buffers\attribute_buffer.h">
      <Filter>Header Files\buffers</Filter>
    </ClInclude>
    <ClInclude Include="buffers\interleaved_attr_buffer.h">
      <Filter>Header Files\buffers</Filter>
    </ClInclude>
    <ClInclude Include="buffers\segregated_attr_buffer.h">
      <Filter>Header Files\buffers</Filter>
    </ClInclude>
    <ClInclude Include="buffers\attribute_buffer_factory.h">
      <Filter>Header Files\buffers</Filter>
    </ClInclude>
    <ClInclude Include="utilities\files\file_reader.h">
      <Filter>Header Files\utilities\files</Filter>
    </ClInclude>
    <ClInclude Include="opengl\retained\shaders\shader_attribute_map.h">
      <Filter>Header Files\opengl\retained\shaders</Filter>
    </ClInclude>
    <ClInclude Include="meshes\mesh.h">
      <Filter>Header Files\meshes</Filter>
    </ClInclude>
    <ClInclude Include="scene\objects\camera.h">
      <Filter>Header Files\scene\objects</Filter>
    </ClInclude>
    <ClInclude Include="opengl\retained\shaders\shader_uniform_store.h">
      <Filter>Header Files\opengl\retained\shaders</Filter>
    </ClInclude>
    <ClInclude Include="scene\nodes\transformation.h">
      <Filter>Header Files\scene\nodes</Filter>
    </ClInclude>
    <ClInclude Include="scene\objects\model.h">
      <Filter>Header Files\scene\objects</Filter>
    </ClInclude>
    <ClInclude Include="opengl\retained\gl_retained_mesh.h">
      <Filter>Header Files\opengl\retained</Filter>
    </ClInclude>
    <ClInclude Include="opengl\retained\gl_attribute_buffer.h">
      <Filter>Header Files\opengl\retained</Filter>
    </ClInclude>
    <ClInclude Include="opengl\retained\scene\objects\gl_retained_camera.h">
      <Filter>Header Files\opengl\retained\scene\objects</Filter>
    </ClInclude>
    <ClInclude Include="opengl\retained\scene\objects\gl_retained_fixed_camera.h">
      <Filter>Header Files\opengl\retained\scene\objects</Filter>
    </ClInclude>
    <ClInclude Include="opengl\retained\scene\nodes\gl_retained_fixed_transformation.h">
      <Filter>Header Files\opengl\retained\scene\nodes</Filter>
    </ClInclude>
    <ClInclude Include="opengl\retained\gl_retained_state_monitor.h">
      <Filter>Header Files\opengl\retained</Filter>
    </ClInclude>
  </ItemGroup>
  <ItemGroup>
    <ResourceCompile Include="OccludedLibrary.rc">
      <Filter>Resource Files</Filter>
    </ResourceCompile>
  </ItemGroup>
</Project>